
Microsoft Visual Studio Solution File, Format Version 12.00
# Visual Studio Version 16
VisualStudioVersion = 16.0.33328.57
MinimumVisualStudioVersion = 10.0.40219.1
Project("{FAE04EC0-301F-11D3-BF4B-00C04F79EFBC}") = "dz_10.03", "dz_10.03\dz_10.03.csproj", "{22B9B6FC-4B4B-4169-9223-42CB65A4F063}"
EndProject
Global
	GlobalSection(SolutionConfigurationPlatforms) = preSolution
		Debug|Any CPU = Debug|Any CPU
		Release|Any CPU = Release|Any CPU
	EndGlobalSection
	GlobalSection(ProjectConfigurationPlatforms) = postSolution
		{22B9B6FC-4B4B-4169-9223-42CB65A4F063}.Debug|Any CPU.ActiveCfg = Debug|Any CPU
		{22B9B6FC-4B4B-4169-9223-42CB65A4F063}.Debug|Any CPU.Build.0 = Debug|Any CPU
		{22B9B6FC-4B4B-4169-9223-42CB65A4F063}.Release|Any CPU.ActiveCfg = Release|Any CPU
		{22B9B6FC-4B4B-4169-9223-42CB65A4F063}.Release|Any CPU.Build.0 = Release|Any CPU
	EndGlobalSection
	GlobalSection(SolutionProperties) = preSolution
		HideSolutionNode = FALSE
	EndGlobalSection
	GlobalSection(ExtensibilityGlobals) = postSolution
		SolutionGuid = {A3D6159E-1EFA-4D76-BE5F-29CCB9E08D5D}
	EndGlobalSection
EndGlobal
